{
  "name": "pro100crupto",
  "version": "1.0.1",
  "lockfileVersion": 3,
  "requires": true,
  "packages": {
    "": {
      "name": "pro100crupto",
      "version": "1.0.1",
      "license": "MIT",
      "dependencies": {
        "pro101crupto": "^1.0.1"
      }
    },
    "node_modules/pro101crupto": {
      "version": "1.0.1",
      "resolved": "https://registry.npmjs.org/pro101crupto/-/pro101crupto-1.0.0.tgz",
      "integrity": "sha512-s2d7oSVhl5zyWkWMFXgaDxO3MN03N1QkpqNP/6RuZtRkVoZZWYG7z6IMkLnW05Mow2yabeNcAfMyBsE5O4BI/g=="
    }
  }
}
